schema: '2.0'
stages:
  build_model_input:
    cmd:
    - python ./scripts/data/model_input/build.py --input-dir ./data/01_raw/wildfire
      --output-dir ./data/03_model_input/wildfire/ --random-seed 0 --sampling-ratio
      0.05 --loglevel info
    deps:
    - path: ./data/01_raw/wildfire
      hash: md5
      md5: fe129f2ec6008feb67bc91e9428f94ba.dir
      size: 5811038183
      nfiles: 104275
    - path: ./scripts/data/model_input/build.py
      hash: md5
      md5: 4c80f047d833abdf5b5bc08f9f885f04
      size: 6554
    outs:
    - path: ./data/03_model_input/wildfire/
      hash: md5
      md5: 02c0d3d7823f4f42ad045258026c6934.dir
      size: 6099855615
      nfiles: 109486
  build_model_input_wildfire:
    cmd:
    - python ./scripts/data/model_input/build.py --input-dir ./data/01_raw/wildfire
      --output-dir ./data/03_model_input/wildfire/ --random-seed 0 --sampling-ratio
      0.05 --loglevel info
    deps:
    - path: ./data/01_raw/wildfire
      hash: md5
      md5: fe129f2ec6008feb67bc91e9428f94ba.dir
      size: 5811038183
      nfiles: 104275
    - path: ./scripts/data/model_input/build.py
      hash: md5
      md5: ec2df4b4e3d1462eef5c8e893b195553
      size: 6527
    outs:
    - path: ./data/03_model_input/wildfire/
      hash: md5
      md5: 02c0d3d7823f4f42ad045258026c6934.dir
      size: 6099855615
      nfiles: 109486
  train_yolo_baseline_small:
    cmd:
    - python ./scripts/model/yolo/train.py --data ./data/03_model_input/wildfire/small/datasets/data.yaml
      --config ./scripts/model/yolo/configs/baseline.yaml --output-dir ./data/04_models/yolo/
      --experiment-name baseline_small --loglevel info
    deps:
    - path: ./data/03_model_input/wildfire/small/
      hash: md5
      md5: c1b53ee2dd84a6b134e0d2295cd65e6b.dir
      size: 288817413
      nfiles: 5211
    - path: ./scripts/model/yolo/configs/baseline.yaml
      hash: md5
      md5: b37b8bb5124d88d0143f8e1b74681daa
      size: 49
    - path: ./scripts/model/yolo/train.py
      hash: md5
      md5: d16f85b65035d4e47d3500270a9775f3
      size: 2736
    outs:
    - path: ./data/04_models/yolo/baseline_small/
      hash: md5
      md5: c87f73f0a7cdc8349ea9cf6da2b2b6c4.dir
      size: 15293235
      nfiles: 22
  train_yolo_best:
    cmd:
    - python ./scripts/model/yolo/train.py --data ./data/03_model_input/wildfire/full/datasets/data.yaml
      --config ./scripts/model/yolo/configs/best.yaml --output-dir ./data/04_models/yolo/
      --experiment-name best --loglevel info
    deps:
    - path: ./data/03_model_input/wildfire/full/datasets/
      hash: md5
      md5: b26351a48f025ec8f098a0f21e10aedf.dir
      size: 5811038202
      nfiles: 104275
    - path: ./scripts/model/yolo/configs/best.yaml
      hash: md5
      md5: ed82cee3631381b907dbd29fcdcc8abe
      size: 175
    - path: ./scripts/model/yolo/train.py
      hash: md5
      md5: d16f85b65035d4e47d3500270a9775f3
      size: 2736
    outs:
    - path: ./data/04_models/yolo/best
      hash: md5
      md5: 31feda347071e4b94a37552708af2465.dir
      size: 43769447
      nfiles: 25
  train_yolo_baseline:
    cmd:
    - python ./scripts/model/yolo/train.py --data ./data/03_model_input/wildfire/full/datasets/data.yaml
      --config ./scripts/model/yolo/configs/baseline.yaml --output-dir ./data/04_models/yolo/
      --experiment-name baseline_full --loglevel info
    deps:
    - path: ./data/03_model_input/wildfire/full/datasets/
      hash: md5
      md5: b26351a48f025ec8f098a0f21e10aedf.dir
      size: 5811038202
      nfiles: 104275
    - path: ./scripts/model/yolo/configs/baseline.yaml
      hash: md5
      md5: b37b8bb5124d88d0143f8e1b74681daa
      size: 49
    - path: ./scripts/model/yolo/train.py
      hash: md5
      md5: d16f85b65035d4e47d3500270a9775f3
      size: 2736
    outs:
    - path: ./data/04_models/yolo/baseline_full
      hash: md5
      md5: 2e5bf6f16c5d89a596153ed39c13cc40.dir
      size: 15247108
      nfiles: 22
